dependencies:
- name: microservice
  repository: file://../microservice
  version: 0.1.0
- name: microservice
  repository: file://../microservice
  version: 0.1.0
- name: microservice
  repository: file://../microservice
  version: 0.1.0
- name: microservice
  repository: file://../microservice
  version: 0.1.0
- name: microservice
  repository: file://../microservice
  version: 0.1.0
- name: microservice
  repository: file://../microservice
  version: 0.1.0
- name: microservice
  repository: file://../microservice
  version: 0.1.0
- name: postgres-db
  repository: file://../../postgres-db
  version: 0.1.0
digest: sha256:9cd10c1300e1e85f9b0cfa98e574be1d5c5120bc2fd35b2fb2f602e099113b74
generated: "2026-08-04T20:24:01.844649+05:30"
